{
    "_readme": [
        "This file locks the dependencies of your project to a known state",
        "Read more about it at https://getcomposer.org/doc/01-basic-usage.md#installing-dependencies",
        "This file is @generated automatically"
    ],
    "content-hash": "89f01e2aea4948766d2807cc1805c60d",
    "packages": [
        {
            "name": "benlumia007/backdrop-contracts",
            "version": "v1.0.0.x-dev",
            "source": {
                "type": "git",
                "url": "https://github.com/benlumia007/backdrop-contracts.git",
                "reference": "ae5349a4ca78587d95200bffeabcf8ce25e7036c"
            },
            "dist": {
                "type": "zip",
                "url": "https://api.github.com/repos/benlumia007/backdrop-contracts/zipball/ae5349a4ca78587d95200bffeabcf8ce25e7036c",
                "reference": "ae5349a4ca78587d95200bffeabcf8ce25e7036c",
                "shasum": ""
            },
            "require": {
                "php": ">=7.4.3"
            },
            "default-branch": true,
            "type": "library",
            "autoload": {
                "psr-4": {
                    "Benlumia007\\Backdrop\\Contracts\\": "src"
                }
            },
            "notification-url": "https://packagist.org/downloads/",
            "license": [
                "GPL-2.0-or-later"
            ],
            "authors": [
                {
                    "name": "Benjamin Lu",
                    "email": "benlumia007@gmail.com",
                    "homepage": "https://benjlu.com",
                    "role": "Developer"
                }
            ],
            "description": "Backdrop Contracts for Backdrop framework.",
            "homepage": "https://github.com/benlumia007/backdrop-contracts",
            "keywords": [
                "classicpress",
                "wordpress"
            ],
            "support": {
                "issues": "https://github.com/benlumia007/backdrop-contracts/issues",
                "source": "https://github.com/benlumia007/backdrop-contracts/tree/v1.0.0"
            },
            "time": "2022-05-27T07:05:04+00:00"
        },
        {
            "name": "benlumia007/backdrop-proxies",
            "version": "v1.0.0.x-dev",
            "source": {
                "type": "git",
                "url": "https://github.com/benlumia007/backdrop-proxies.git",
                "reference": "d9f9a480970f287fe3954b845f1d7c4839d003d9"
            },
            "dist": {
                "type": "zip",
                "url": "https://api.github.com/repos/benlumia007/backdrop-proxies/zipball/d9f9a480970f287fe3954b845f1d7c4839d003d9",
                "reference": "d9f9a480970f287fe3954b845f1d7c4839d003d9",
                "shasum": ""
            },
            "require": {
                "php": ">=7.4.29"
            },
            "default-branch": true,
            "type": "library",
            "autoload": {
                "psr-4": {
                    "Benlumia007\\Backdrop\\Proxies\\": "src"
                }
            },
            "notification-url": "https://packagist.org/downloads/",
            "license": [
                "GPL-2.0-or-later"
            ],
            "authors": [
                {
                    "name": "Benjamin Lu",
                    "email": "benlumia007@gmail.com",
                    "homepage": "https://benjlu.com",
                    "role": "Developer"
                }
            ],
            "description": "Backdrop Contracts for Backdrop framework.",
            "homepage": "https://github.com/benlumia007/backdrop-proxies",
            "keywords": [
                "classicpress",
                "wordpress"
            ],
            "support": {
                "issues": "https://github.com/benlumia007/backdrop-proxies/issues",
                "source": "https://github.com/benlumia007/backdrop-proxies/tree/v1.0.0"
            },
            "time": "2022-05-27T07:11:52+00:00"
        },
        {
            "name": "benlumia007/backdrop-template-helpers",
            "version": "v1.0.0.x-dev",
            "source": {
                "type": "git",
                "url": "https://github.com/benlumia007/backdrop-template-helpers.git",
                "reference": "e483655c64f93e9a2cb84f7db84f3146f3ca059f"
            },
            "dist": {
                "type": "zip",
                "url": "https://api.github.com/repos/benlumia007/backdrop-template-helpers/zipball/e483655c64f93e9a2cb84f7db84f3146f3ca059f",
                "reference": "e483655c64f93e9a2cb84f7db84f3146f3ca059f",
                "shasum": ""
            },
            "require": {
                "php": ">=7.4.29"
            },
            "default-branch": true,
            "type": "library",
            "autoload": {
                "files": [
                    "src/functions-helpers.php"
                ],
                "psr-4": {
                    "Benlumia007\\Backdrop\\Template\\Helpers\\": "src/"
                }
            },
            "notification-url": "https://packagist.org/downloads/",
            "license": [
                "GPL-2.0-or-later"
            ],
            "authors": [
                {
                    "name": "Benjamin Lu",
                    "email": "benlumia007@gmail.com",
                    "homepage": "https://benjlu.com",
                    "role": "Developer"
                }
            ],
            "description": "A core that helps you build amazing themes",
            "homepage": "https://github.com/benlumia007/backdrop-template-helpers",
            "keywords": [
                "wordpress"
            ],
            "support": {
                "issues": "https://github.com/benlumia007/backdrop-template-helpers/issues",
                "source": "https://github.com/benlumia007/backdrop-template-helpers/tree/v1.0.0"
            },
            "time": "2022-05-27T04:38:47+00:00"
        }
    ],
    "packages-dev": [],
    "aliases": [],
    "minimum-stability": "stable",
    "stability-flags": {
        "benlumia007/backdrop-contracts": 20,
        "benlumia007/backdrop-proxies": 20,
        "benlumia007/backdrop-template-helpers": 20
    },
    "prefer-stable": false,
    "prefer-lowest": false,
    "platform": {
        "php": ">=7.4.29"
    },
    "platform-dev": [],
    "plugin-api-version": "2.3.0"
}
